
Microsoft Visual Studio Solution File, Format Version 12.00
# Visual Studio 2013
VisualStudioVersion = 12.0.31101.0
MinimumVisualStudioVersion = 10.0.40219.1
Project("{FAE04EC0-301F-11D3-BF4B-00C04F79EFBC}") = "Tests", "Tests\Tests\Tests.csproj", "{68A724ED-6FD0-4760-B4EC-32D721DD9EA5}"
EndProject
Project("{FAE04EC0-301F-11D3-BF4B-00C04F79EFBC}") = "IPST Engine", "IPST Engine\IPST Engine.csproj", "{C421C84A-F948-4B4C-B695-7783E2D2845D}"
EndProject
Project("{FAE04EC0-301F-11D3-BF4B-00C04F79EFBC}") = "IPST GUI", "IPST GUI\IPST GUI.csproj", "{CBBABCFD-5119-4469-86FA-8E1973DC8204}"
EndProject
Project("{2150E333-8FDC-42A3-9474-1A3956D46DE8}") = "Tests", "Tests", "{B0A40CDB-582F-4ECD-A7B9-2F74EADAF2BA}"
EndProject
Project("{FAE04EC0-301F-11D3-BF4B-00C04F79EFBC}") = "TestGoogleAPI", "TestGoogleAPI\TestGoogleAPI.csproj", "{54D2F266-E0A7-4ECF-B0BC-9961A317A3D2}"
EndProject
Project("{2150E333-8FDC-42A3-9474-1A3956D46DE8}") = "SharedFiles", "SharedFiles", "{E299EF89-EE87-4103-97EA-197BD9BF6FA6}"
EndProject
Project("{2150E333-8FDC-42A3-9474-1A3956D46DE8}") = ".nuget", ".nuget", "{1A902CFA-3323-40BE-B337-37FE35EC70DD}"
	ProjectSection(SolutionItems) = preProject
		.nuget\NuGet.Config = .nuget\NuGet.Config
		.nuget\NuGet.exe = .nuget\NuGet.exe
		.nuget\NuGet.targets = .nuget\NuGet.targets
	EndProjectSection
EndProject
Project("{FAE04EC0-301F-11D3-BF4B-00C04F79EFBC}") = "TestGUI", "Tests\TestGUI\TestGUI.csproj", "{B4F1F17E-ED4E-449B-966E-43E646477C55}"
EndProject
Project("{FAE04EC0-301F-11D3-BF4B-00C04F79EFBC}") = "IPST Console", "IPST Console\IPST Console.csproj", "{012BB8D2-4CB4-4FE9-94BC-7BA351835F5E}"
EndProject
Project("{FAE04EC0-301F-11D3-BF4B-00C04F79EFBC}") = "TestSQLiteMono", "TestSQLiteMono\TestSQLiteMono.csproj", "{86FFB6B8-8448-4E5D-9131-F4A14F0625E9}"
EndProject
Project("{FAE04EC0-301F-11D3-BF4B-00C04F79EFBC}") = "IPST Web", "IPST Web\IPST Web.csproj", "{CE1DD0DB-6CB9-4A1F-AA75-092403BC90BC}"
EndProject
Project("{FAE04EC0-301F-11D3-BF4B-00C04F79EFBC}") = "IPST Web.Tests", "IPST Web.Tests\IPST Web.Tests.csproj", "{D90721B5-1DD2-4FF5-91AC-E7BDA63EAE6A}"
EndProject
Global
	GlobalSection(SolutionConfigurationPlatforms) = preSolution
		Debug|Any CPU = Debug|Any CPU
		Debug|Linux = Debug|Linux
		Linux Debug|Any CPU = Linux Debug|Any CPU
		Linux Debug|Linux = Linux Debug|Linux
		Release|Any CPU = Release|Any CPU
		Release|Linux = Release|Linux
	EndGlobalSection
	GlobalSection(ProjectConfigurationPlatforms) = postSolution
		{68A724ED-6FD0-4760-B4EC-32D721DD9EA5}.Debug|Any CPU.ActiveCfg = Debug|Any CPU
		{68A724ED-6FD0-4760-B4EC-32D721DD9EA5}.Debug|Any CPU.Build.0 = Debug|Any CPU
		{68A724ED-6FD0-4760-B4EC-32D721DD9EA5}.Debug|Linux.ActiveCfg = Debug|Any CPU
		{68A724ED-6FD0-4760-B4EC-32D721DD9EA5}.Debug|Linux.Build.0 = Debug|Any CPU
		{68A724ED-6FD0-4760-B4EC-32D721DD9EA5}.Linux Debug|Any CPU.ActiveCfg = Linux Debug|Any CPU
		{68A724ED-6FD0-4760-B4EC-32D721DD9EA5}.Linux Debug|Any CPU.Build.0 = Linux Debug|Any CPU
		{68A724ED-6FD0-4760-B4EC-32D721DD9EA5}.Linux Debug|Linux.ActiveCfg = Linux Debug|Any CPU
		{68A724ED-6FD0-4760-B4EC-32D721DD9EA5}.Release|Any CPU.ActiveCfg = Release|Any CPU
		{68A724ED-6FD0-4760-B4EC-32D721DD9EA5}.Release|Any CPU.Build.0 = Release|Any CPU
		{68A724ED-6FD0-4760-B4EC-32D721DD9EA5}.Release|Linux.ActiveCfg = Release|Any CPU
		{68A724ED-6FD0-4760-B4EC-32D721DD9EA5}.Release|Linux.Build.0 = Release|Any CPU
		{C421C84A-F948-4B4C-B695-7783E2D2845D}.Debug|Any CPU.ActiveCfg = Debug|Any CPU
		{C421C84A-F948-4B4C-B695-7783E2D2845D}.Debug|Any CPU.Build.0 = Debug|Any CPU
		{C421C84A-F948-4B4C-B695-7783E2D2845D}.Debug|Linux.ActiveCfg = Debug|Any CPU
		{C421C84A-F948-4B4C-B695-7783E2D2845D}.Debug|Linux.Build.0 = Debug|Any CPU
		{C421C84A-F948-4B4C-B695-7783E2D2845D}.Linux Debug|Any CPU.ActiveCfg = Linux Debug|Any CPU
		{C421C84A-F948-4B4C-B695-7783E2D2845D}.Linux Debug|Any CPU.Build.0 = Linux Debug|Any CPU
		{C421C84A-F948-4B4C-B695-7783E2D2845D}.Linux Debug|Linux.ActiveCfg = Linux Debug|Any CPU
		{C421C84A-F948-4B4C-B695-7783E2D2845D}.Release|Any CPU.ActiveCfg = Release|Any CPU
		{C421C84A-F948-4B4C-B695-7783E2D2845D}.Release|Any CPU.Build.0 = Release|Any CPU
		{C421C84A-F948-4B4C-B695-7783E2D2845D}.Release|Linux.ActiveCfg = Release|Any CPU
		{C421C84A-F948-4B4C-B695-7783E2D2845D}.Release|Linux.Build.0 = Release|Any CPU
		{CBBABCFD-5119-4469-86FA-8E1973DC8204}.Debug|Any CPU.ActiveCfg = Debug|Any CPU
		{CBBABCFD-5119-4469-86FA-8E1973DC8204}.Debug|Any CPU.Build.0 = Debug|Any CPU
		{CBBABCFD-5119-4469-86FA-8E1973DC8204}.Debug|Linux.ActiveCfg = Debug|Any CPU
		{CBBABCFD-5119-4469-86FA-8E1973DC8204}.Debug|Linux.Build.0 = Debug|Any CPU
		{CBBABCFD-5119-4469-86FA-8E1973DC8204}.Linux Debug|Any CPU.ActiveCfg = Linux Debug|Any CPU
		{CBBABCFD-5119-4469-86FA-8E1973DC8204}.Linux Debug|Linux.ActiveCfg = Linux Debug|Any CPU
		{CBBABCFD-5119-4469-86FA-8E1973DC8204}.Release|Any CPU.ActiveCfg = Release|Any CPU
		{CBBABCFD-5119-4469-86FA-8E1973DC8204}.Release|Any CPU.Build.0 = Release|Any CPU
		{CBBABCFD-5119-4469-86FA-8E1973DC8204}.Release|Linux.ActiveCfg = Release|Any CPU
		{CBBABCFD-5119-4469-86FA-8E1973DC8204}.Release|Linux.Build.0 = Release|Any CPU
		{54D2F266-E0A7-4ECF-B0BC-9961A317A3D2}.Debug|Any CPU.ActiveCfg = Debug|Any CPU
		{54D2F266-E0A7-4ECF-B0BC-9961A317A3D2}.Debug|Any CPU.Build.0 = Debug|Any CPU
		{54D2F266-E0A7-4ECF-B0BC-9961A317A3D2}.Debug|Linux.ActiveCfg = Debug|Any CPU
		{54D2F266-E0A7-4ECF-B0BC-9961A317A3D2}.Debug|Linux.Build.0 = Debug|Any CPU
		{54D2F266-E0A7-4ECF-B0BC-9961A317A3D2}.Linux Debug|Any CPU.ActiveCfg = Linux Debug|Any CPU
		{54D2F266-E0A7-4ECF-B0BC-9961A317A3D2}.Linux Debug|Any CPU.Build.0 = Linux Debug|Any CPU
		{54D2F266-E0A7-4ECF-B0BC-9961A317A3D2}.Linux Debug|Linux.ActiveCfg = Linux Debug|Any CPU
		{54D2F266-E0A7-4ECF-B0BC-9961A317A3D2}.Release|Any CPU.ActiveCfg = Release|Any CPU
		{54D2F266-E0A7-4ECF-B0BC-9961A317A3D2}.Release|Any CPU.Build.0 = Release|Any CPU
		{54D2F266-E0A7-4ECF-B0BC-9961A317A3D2}.Release|Linux.ActiveCfg = Release|Any CPU
		{54D2F266-E0A7-4ECF-B0BC-9961A317A3D2}.Release|Linux.Build.0 = Release|Any CPU
		{B4F1F17E-ED4E-449B-966E-43E646477C55}.Debug|Any CPU.ActiveCfg = Debug|Any CPU
		{B4F1F17E-ED4E-449B-966E-43E646477C55}.Debug|Any CPU.Build.0 = Debug|Any CPU
		{B4F1F17E-ED4E-449B-966E-43E646477C55}.Debug|Linux.ActiveCfg = Debug|Any CPU
		{B4F1F17E-ED4E-449B-966E-43E646477C55}.Debug|Linux.Build.0 = Debug|Any CPU
		{B4F1F17E-ED4E-449B-966E-43E646477C55}.Linux Debug|Any CPU.ActiveCfg = Linux Debug|Any CPU
		{B4F1F17E-ED4E-449B-966E-43E646477C55}.Linux Debug|Linux.ActiveCfg = Linux Debug|Any CPU
		{B4F1F17E-ED4E-449B-966E-43E646477C55}.Release|Any CPU.ActiveCfg = Release|Any CPU
		{B4F1F17E-ED4E-449B-966E-43E646477C55}.Release|Any CPU.Build.0 = Release|Any CPU
		{B4F1F17E-ED4E-449B-966E-43E646477C55}.Release|Linux.ActiveCfg = Release|Any CPU
		{B4F1F17E-ED4E-449B-966E-43E646477C55}.Release|Linux.Build.0 = Release|Any CPU
		{012BB8D2-4CB4-4FE9-94BC-7BA351835F5E}.Debug|Any CPU.ActiveCfg = Debug|Any CPU
		{012BB8D2-4CB4-4FE9-94BC-7BA351835F5E}.Debug|Any CPU.Build.0 = Debug|Any CPU
		{012BB8D2-4CB4-4FE9-94BC-7BA351835F5E}.Debug|Linux.ActiveCfg = Debug|Any CPU
		{012BB8D2-4CB4-4FE9-94BC-7BA351835F5E}.Debug|Linux.Build.0 = Debug|Any CPU
		{012BB8D2-4CB4-4FE9-94BC-7BA351835F5E}.Linux Debug|Any CPU.ActiveCfg = Linux Debug|Any CPU
		{012BB8D2-4CB4-4FE9-94BC-7BA351835F5E}.Linux Debug|Any CPU.Build.0 = Linux Debug|Any CPU
		{012BB8D2-4CB4-4FE9-94BC-7BA351835F5E}.Linux Debug|Linux.ActiveCfg = Linux Debug|Any CPU
		{012BB8D2-4CB4-4FE9-94BC-7BA351835F5E}.Release|Any CPU.ActiveCfg = Release|Any CPU
		{012BB8D2-4CB4-4FE9-94BC-7BA351835F5E}.Release|Any CPU.Build.0 = Release|Any CPU
		{012BB8D2-4CB4-4FE9-94BC-7BA351835F5E}.Release|Linux.ActiveCfg = Release|Any CPU
		{012BB8D2-4CB4-4FE9-94BC-7BA351835F5E}.Release|Linux.Build.0 = Release|Any CPU
		{86FFB6B8-8448-4E5D-9131-F4A14F0625E9}.Debug|Any CPU.ActiveCfg = Debug|Any CPU
		{86FFB6B8-8448-4E5D-9131-F4A14F0625E9}.Debug|Any CPU.Build.0 = Debug|Any CPU
		{86FFB6B8-8448-4E5D-9131-F4A14F0625E9}.Debug|Linux.ActiveCfg = Debug|Any CPU
		{86FFB6B8-8448-4E5D-9131-F4A14F0625E9}.Linux Debug|Any CPU.ActiveCfg = Debug|Any CPU
		{86FFB6B8-8448-4E5D-9131-F4A14F0625E9}.Linux Debug|Any CPU.Build.0 = Debug|Any CPU
		{86FFB6B8-8448-4E5D-9131-F4A14F0625E9}.Linux Debug|Linux.ActiveCfg = Debug|Any CPU
		{86FFB6B8-8448-4E5D-9131-F4A14F0625E9}.Release|Any CPU.ActiveCfg = Release|Any CPU
		{86FFB6B8-8448-4E5D-9131-F4A14F0625E9}.Release|Any CPU.Build.0 = Release|Any CPU
		{86FFB6B8-8448-4E5D-9131-F4A14F0625E9}.Release|Linux.ActiveCfg = Release|Any CPU
		{CE1DD0DB-6CB9-4A1F-AA75-092403BC90BC}.Debug|Any CPU.ActiveCfg = Debug|Any CPU
		{CE1DD0DB-6CB9-4A1F-AA75-092403BC90BC}.Debug|Any CPU.Build.0 = Debug|Any CPU
		{CE1DD0DB-6CB9-4A1F-AA75-092403BC90BC}.Debug|Linux.ActiveCfg = Debug|Any CPU
		{CE1DD0DB-6CB9-4A1F-AA75-092403BC90BC}.Linux Debug|Any CPU.ActiveCfg = Debug|Any CPU
		{CE1DD0DB-6CB9-4A1F-AA75-092403BC90BC}.Linux Debug|Any CPU.Build.0 = Debug|Any CPU
		{CE1DD0DB-6CB9-4A1F-AA75-092403BC90BC}.Linux Debug|Linux.ActiveCfg = Debug|Any CPU
		{CE1DD0DB-6CB9-4A1F-AA75-092403BC90BC}.Release|Any CPU.ActiveCfg = Release|Any CPU
		{CE1DD0DB-6CB9-4A1F-AA75-092403BC90BC}.Release|Any CPU.Build.0 = Release|Any CPU
		{CE1DD0DB-6CB9-4A1F-AA75-092403BC90BC}.Release|Linux.ActiveCfg = Release|Any CPU
		{D90721B5-1DD2-4FF5-91AC-E7BDA63EAE6A}.Debug|Any CPU.ActiveCfg = Debug|Any CPU
		{D90721B5-1DD2-4FF5-91AC-E7BDA63EAE6A}.Debug|Any CPU.Build.0 = Debug|Any CPU
		{D90721B5-1DD2-4FF5-91AC-E7BDA63EAE6A}.Debug|Linux.ActiveCfg = Debug|Any CPU
		{D90721B5-1DD2-4FF5-91AC-E7BDA63EAE6A}.Linux Debug|Any CPU.ActiveCfg = Debug|Any CPU
		{D90721B5-1DD2-4FF5-91AC-E7BDA63EAE6A}.Linux Debug|Any CPU.Build.0 = Debug|Any CPU
		{D90721B5-1DD2-4FF5-91AC-E7BDA63EAE6A}.Linux Debug|Linux.ActiveCfg = Debug|Any CPU
		{D90721B5-1DD2-4FF5-91AC-E7BDA63EAE6A}.Release|Any CPU.ActiveCfg = Release|Any CPU
		{D90721B5-1DD2-4FF5-91AC-E7BDA63EAE6A}.Release|Any CPU.Build.0 = Release|Any CPU
		{D90721B5-1DD2-4FF5-91AC-E7BDA63EAE6A}.Release|Linux.ActiveCfg = Release|Any CPU
	EndGlobalSection
	GlobalSection(SolutionProperties) = preSolution
		HideSolutionNode = FALSE
	EndGlobalSection
	GlobalSection(NestedProjects) = preSolution
		{68A724ED-6FD0-4760-B4EC-32D721DD9EA5} = {B0A40CDB-582F-4ECD-A7B9-2F74EADAF2BA}
		{54D2F266-E0A7-4ECF-B0BC-9961A317A3D2} = {B0A40CDB-582F-4ECD-A7B9-2F74EADAF2BA}
		{B4F1F17E-ED4E-449B-966E-43E646477C55} = {B0A40CDB-582F-4ECD-A7B9-2F74EADAF2BA}
		{86FFB6B8-8448-4E5D-9131-F4A14F0625E9} = {B0A40CDB-582F-4ECD-A7B9-2F74EADAF2BA}
		{D90721B5-1DD2-4FF5-91AC-E7BDA63EAE6A} = {B0A40CDB-582F-4ECD-A7B9-2F74EADAF2BA}
	EndGlobalSection
EndGlobal
